
Microsoft Visual Studio Solution File, Format Version 12.00
# Visual Studio 15
Project("{FAE04EC0-301F-11D3-BF4B-00C04F79EFBC}") = "Unlock_K1NG_RM", "Assembly-CSharp.csproj", "{C0CC7715-A592-A192-C6EE-1A679929BC78}"
EndProject
Project("{FAE04EC0-301F-11D3-BF4B-00C04F79EFBC}") = "Unlock_K1NG_RM", "Assembly-CSharp-Editor.csproj", "{F4DD2EAA-FB6F-B43A-FBE2-ED934C1EA86B}"
EndProject
Global
	GlobalSection(SolutionConfigurationPlatforms) = preSolution
		Debug|Any CPU = Debug|Any CPU
		Release|Any CPU = Release|Any CPU
	EndGlobalSection
	GlobalSection(ProjectConfigurationPlatforms) = postSolution
		{C0CC7715-A592-A192-C6EE-1A679929BC78}.Debug|Any CPU.ActiveCfg = Debug|Any CPU
		{C0CC7715-A592-A192-C6EE-1A679929BC78}.Debug|Any CPU.Build.0 = Debug|Any CPU
		{C0CC7715-A592-A192-C6EE-1A679929BC78}.Release|Any CPU.ActiveCfg = Release|Any CPU
		{C0CC7715-A592-A192-C6EE-1A679929BC78}.Release|Any CPU.Build.0 = Release|Any CPU
		{F4DD2EAA-FB6F-B43A-FBE2-ED934C1EA86B}.Debug|Any CPU.ActiveCfg = Debug|Any CPU
		{F4DD2EAA-FB6F-B43A-FBE2-ED934C1EA86B}.Debug|Any CPU.Build.0 = Debug|Any CPU
		{F4DD2EAA-FB6F-B43A-FBE2-ED934C1EA86B}.Release|Any CPU.ActiveCfg = Release|Any CPU
		{F4DD2EAA-FB6F-B43A-FBE2-ED934C1EA86B}.Release|Any CPU.Build.0 = Release|Any CPU
	EndGlobalSection
	GlobalSection(SolutionProperties) = preSolution
		HideSolutionNode = FALSE
	EndGlobalSection
EndGlobal
